// !$*UTF8*$!
{
	archiveVersion = 1;
	classes = {
	};
	objectVersion = 48;
	objects = {

/* Begin PBXBuildFile section */
		6286A85B1FC4B0A7006C6846 /* Emoji.swift in Sources */ = {isa = PBXBuildFile; fileRef = 6286A85A1FC4B0A7006C6846 /* Emoji.swift */; };
		62FEE5281FBE3495005F6349 /* AppDelegate.swift in Sources */ = {isa = PBXBuildFile; fileRef = 62FEE5271FBE3495005F6349 /* AppDelegate.swift */; };
		62FEE52A1FBE3495005F6349 /* ViewController.swift in Sources */ = {isa = PBXBuildFile; fileRef = 62FEE5291FBE3495005F6349 /* ViewController.swift */; };
		62FEE52D1FBE3495005F6349 /* Main.storyboard in Resources */ = {isa = PBXBuildFile; fileRef = 62FEE52B1FBE3495005F6349 /* Main.storyboard */; };
		62FEE52F1FBE3495005F6349 /* Assets.xcassets in Resources */ = {isa = PBXBuildFile; fileRef = 62FEE52E1FBE3495005F6349 /* Assets.xcassets */; };
		62FEE5321FBE3495005F6349 /* LaunchScreen.storyboard in Resources */ = {isa = PBXBuildFile; fileRef = 62FEE5301FBE3495005F6349 /* LaunchScreen.storyboard */; };
		62FEE53A1FBE7BB7005F6349 /* DefenitionViewController.swift in Sources */ = {isa = PBXBuildFile; fileRef = 62FEE5391FBE7BB7005F6349 /* DefenitionViewController.swift */; };
/* End PBXBuildFile section */

/* Begin PBXFileReference section */
		6286A85A1FC4B0A7006C6846 /* Emoji.swift */ = {isa = PBXFileReference; lastKnownFileType = sourcecode.swift; path = Emoji.swift; sourceTree = "<group>"; };
		62FEE5241FBE3495005F6349 /* Emoji Dicionary.app */ = {isa = PBXFileReference; explicitFileType = wrapper.application; includeInIndex = 0; path = "Emoji Dicionary.app"; sourceTree = BUILT_PRODUCTS_DIR; };
		62FEE5271FBE3495005F6349 /* AppDelegate.swift */ = {isa = PBXFileReference; lastKnownFileType = sourcecode.swift; path = AppDelegate.swift; sourceTree = "<group>"; };
		62FEE5291FBE3495005F6349 /* ViewController.swift */ = {isa = PBXFileReference; lastKnownFileType = sourcecode.swift; path = ViewController.swift; sourceTree = "<group>"; };
		62FEE52C1FBE3495005F6349 /* Base */ = {isa = PBXFileReference; lastKnownFileType = file.storyboard; name = Base; path = Base.lproj/Main.storyboard; sourceTree = "<group>"; };
		62FEE52E1FBE3495005F6349 /* Assets.xcassets */ = {isa = PBXFileReference; lastKnownFileType = folder.assetcatalog; path = Assets.xcassets; sourceTree = "<group>"; };
		62FEE5311FBE3495005F6349 /* Base */ = {isa = PBXFileReference; lastKnownFileType = file.storyboard; name = Base; path = Base.lproj/LaunchScreen.storyboard; sourceTree = "<group>"; };
		62FEE5331FBE3495005F6349 /* Info.plist */ = {isa = PBXFileReference; lastKnownFileType = text.plist.xml; path = Info.plist; sourceTree = "<group>"; };
		62FEE5391FBE7BB7005F6349 /* DefenitionViewController.swift */ = {isa = PBXFileReference; lastKnownFileType = sourcecode.swift; path = DefenitionViewController.swift; sourceTree = "<group>"; };
/* End PBXFileReference section */

/* Begin PBXFrameworksBuildPhase section */
		62FEE5211FBE3495005F6349 /* Frameworks */ = {
			isa = PBXFrameworksBuildPhase;
			buildActionMask = 2147483647;
			files = (
			);
			runOnlyForDeploymentPostprocessing = 0;
		};
/* End PBXFrameworksBuildPhase section */

/* Begin PBXGroup section */
		62FEE51B1FBE3494005F6349 = {
			isa = PBXGroup;
			children = (
				62FEE5261FBE3495005F6349 /* Emoji Dicionary */,
				62FEE5251FBE3495005F6349 /* Products */,
			);
			sourceTree = "<group>";
		};
		62FEE5251FBE3495005F6349 /* Products */ = {
			isa = PBXGroup;
			children = (
				62FEE5241FBE3495005F6349 /* Emoji Dicionary.app */,
			);
			name = Products;
			sourceTree = "<group>";
		};
		62FEE5261FBE3495005F6349 /* Emoji Dicionary */ = {
			isa = PBXGroup;
			children = (
				62FEE5271FBE3495005F6349 /* AppDelegate.swift */,
				62FEE5291FBE3495005F6349 /* ViewController.swift */,
				62FEE5391FBE7BB7005F6349 /* DefenitionViewController.swift */,
				6286A85A1FC4B0A7006C6846 /* Emoji.swift */,
				62FEE52B1FBE3495005F6349 /* Main.storyboard */,
				62FEE52E1FBE3495005F6349 /* Assets.xcassets */,
				62FEE5301FBE3495005F6349 /* LaunchScreen.storyboard */,
				62FEE5331FBE3495005F6349 /* Info.plist */,
			);
			path = "Emoji Dicionary";
			sourceTree = "<group>";
		};
/* End PBXGroup section */

/* Begin PBXNativeTarget section */
		62FEE5231FBE3495005F6349 /* Emoji Dicionary */ = {
			isa = PBXNativeTarget;
			buildConfigurationList = 62FEE5361FBE3495005F6349 /* Build configuration list for PBXNativeTarget "Emoji Dicionary" */;
			buildPhases = (
				62FEE5201FBE3495005F6349 /* Sources */,
				62FEE5211FBE3495005F6349 /* Frameworks */,
				62FEE5221FBE3495005F6349 /* Resources */,
			);
			buildRules = (
			);
			dependencies = (
			);
			name = "Emoji Dicionary";
			productName = "Emoji Dicionary";
			productReference = 62FEE5241FBE3495005F6349 /* Emoji Dicionary.app */;
			productType = "com.apple.product-type.application";
		};
/* End PBXNativeTarget section */

/* Begin PBXProject section */
		62FEE51C1FBE3494005F6349 /* Project object */ = {
			isa = PBXProject;
			attributes = {
				LastSwiftUpdateCheck = 0910;
				LastUpgradeCheck = 0910;
				ORGANIZATIONNAME = "Brandon Bezanson";
				TargetAttributes = {
					62FEE5231FBE3495005F6349 = {
						CreatedOnToolsVersion = 9.1;
						ProvisioningStyle = Automatic;
					};
				};
			};
			buildConfigurationList = 62FEE51F1FBE3494005F6349 /* Build configuration list for PBXProject "Emoji Dicionary" */;
			compatibilityVersion = "Xcode 8.0";
			developmentRegion = en;
			hasScannedForEncodings = 0;
			knownRegions = (
				en,
				Base,
			);
			mainGroup = 62FEE51B1FBE3494005F6349;
			productRefGroup = 62FEE5251FBE3495005F6349 /* Products */;
			projectDirPath = "";
			projectRoot = "";
			targets = (
				62FEE5231FBE3495005F6349 /* Emoji Dicionary */,
			);
		};
/* End PBXProject section */

/* Begin PBXResourcesBuildPhase section */
		62FEE5221FBE3495005F6349 /* Resources */ = {
			isa = PBXResourcesBuildPhase;
			buildActionMask = 2147483647;
			files = (
				62FEE5321FBE3495005F6349 /* LaunchScreen.storyboard in Resources */,
				62FEE52F1FBE3495005F6349 /* Assets.xcassets in Resources */,
				62FEE52D1FBE3495005F6349 /* Main.storyboard in Resources */,
			);
			runOnlyForDeploymentPostprocessing = 0;
		};
/* End PBXResourcesBuildPhase section */

/* Begin PBXSourcesBuildPhase section */
		62FEE5201FBE3495005F6349 /* Sources */ = {
			isa = PBXSourcesBuildPhase;
			buildActionMask = 2147483647;
			files = (
				62FEE53A1FBE7BB7005F6349 /* DefenitionViewController.swift in Sources */,
				62FEE52A1FBE3495005F6349 /* ViewController.swift in Sources */,
				6286A85B1FC4B0A7006C6846 /* Emoji.swift in Sources */,
				62FEE5281FBE3495005F6349 /* AppDelegate.swift in Sources */,
			);
			runOnlyForDeploymentPostprocessing = 0;
		};
/* End PBXSourcesBuildPhase section */

/* Begin PBXVariantGroup section */
		62FEE52B1FBE3495005F6349 /* Main.storyboard */ = {
			isa = PBXVariantGroup;
			children = (
				62FEE52C1FBE3495005F6349 /* Base */,
			);
			name = Main.storyboard;
			sourceTree = "<group>";
		};
		62FEE5301FBE3495005F6349 /* LaunchScreen.storyboard */ = {
			isa = PBXVariantGroup;
			children = (
				62FEE5311FBE3495005F6349 /* Base */,
			);
			name = LaunchScreen.storyboard;
			sourceTree = "<group>";
		};
/* End PBXVariantGroup section */

/* Begin XCBuildConfiguration section */
		62FEE5341FBE3495005F6349 /* Debug */ = {
			isa = XCBuildConfiguration;
			buildSettings = {
				ALWAYS_SEARCH_USER_PATHS = NO;
				CLANG_ANALYZER_NONNULL = YES;
				CLANG_ANALYZER_NUMBER_OBJECT_CONVERSION = YES_AGGRESSIVE;
				CLANG_CXX_LANGUAGE_STANDARD = "gnu++14";
				CLANG_CXX_LIBRARY = "libc++";
				CLANG_ENABLE_MODULES = YES;
				CLANG_ENABLE_OBJC_ARC = YES;
				CLANG_WARN_BLOCK_CAPTURE_AUTORELEASING = YES;
				CLANG_WARN_BOOL_CONVERSION = YES;
				CLANG_WARN_COMMA = YES;
				CLANG_WARN_CONSTANT_CONVERSION = YES;
				CLANG_WARN_DIRECT_OBJC_ISA_USAGE = YES_ERROR;
				CLANG_WARN_DOCUMENTATION_COMMENTS = YES;
				CLANG_WARN_EMPTY_BODY = YES;
				CLANG_WARN_ENUM_CONVERSION = YES;
				CLANG_WARN_INFINITE_RECURSION = YES;
				CLANG_WARN_INT_CONVERSION = YES;
				CLANG_WARN_NON_LITERAL_NULL_CONVERSION = YES;
				CLANG_WARN_OBJC_LITERAL_CONVERSION = YES;
				CLANG_WARN_OBJC_ROOT_CLASS = YES_ERROR;
				CLANG_WARN_RANGE_LOOP_ANALYSIS = YES;
				CLANG_WARN_STRICT_PROTOTYPES = YES;
				CLANG_WARN_SUSPICIOUS_MOVE = YES;
				CLANG_WARN_UNGUARDED_AVAILABILITY = YES_AGGRESSIVE;
				CLANG_WARN_UNREACHABLE_CODE = YES;
				CLANG_WARN__DUPLICATE_METHOD_MATCH = YES;
				CODE_SIGN_IDENTITY = "iPhone Developer";
				COPY_PHASE_STRIP = NO;
				DEBUG_INFORMATION_FORMAT = dwarf;
				ENABLE_STRICT_OBJC_MSGSEND = YES;
				ENABLE_TESTABILITY = YES;
				GCC_C_LANGUAGE_STANDARD = gnu11;
				GCC_DYNAMIC_NO_PIC = NO;
				GCC_NO_COMMON_BLOCKS = YES;
				GCC_OPTIMIZATION_LEVEL = 0;
				GCC_PREPROCESSOR_DEFINITIONS = (
					"DEBUG=1",
					"$(inherited)",
				);
				GCC_WARN_64_TO_32_BIT_CONVERSION = YES;
				GCC_WARN_ABOUT_RETURN_TYPE = YES_ERROR;
				GCC_WARN_UNDECLARED_SELECTOR = YES;
				GCC_WARN_UNINITIALIZED_AUTOS = YES_AGGRESSIVE;
				GCC_WARN_UNUSED_FUNCTION = YES;
				GCC_WARN_UNUSED_VARIABLE = YES;
				IPHONEOS_DEPLOYMENT_TARGET = 11.1;
				MTL_ENABLE_DEBUG_INFO = YES;
				ONLY_ACTIVE_ARCH = YES;
				SDKROOT = iphoneos;
				SWIFT_ACTIVE_COMPILATION_CONDITIONS = DEBUG;
				SWIFT_OPTIMIZATION_LEVEL = "-Onone";
			};
			name = Debug;
		};
		62FEE5351FBE3495005F6349 /* Release */ = {
			isa = XCBuildConfiguration;
			buildSettings = {
				ALWAYS_SEARCH_USER_PATHS = NO;
				CLANG_ANALYZER_NONNULL = YES;
				CLANG_ANALYZER_NUMBER_OBJECT_CONVERSION = YES_AGGRESSIVE;
				CLANG_CXX_LANGUAGE_STANDARD = "gnu++14";
				CLANG_CXX_LIBRARY = "libc++";
				CLANG_ENABLE_MODULES = YES;
				CLANG_ENABLE_OBJC_ARC = YES;
				CLANG_WARN_BLOCK_CAPTURE_AUTORELEASING = YES;
				CLANG_WARN_BOOL_CONVERSION = YES;
				CLANG_WARN_COMMA = YES;
				CLANG_WARN_CONSTANT_CONVERSION = YES;
				CLANG_WARN_DIRECT_OBJC_ISA_USAGE = YES_ERROR;
				CLANG_WARN_DOCUMENTATION_COMMENTS = YES;
				CLANG_WARN_EMPTY_BODY = YES;
				CLANG_WARN_ENUM_CONVERSION = YES;
				CLANG_WARN_INFINITE_RECURSION = YES;
				CLANG_WARN_INT_CONVERSION = YES;
				CLANG_WARN_NON_LITERAL_NULL_CONVERSION = YES;
				CLANG_WARN_OBJC_LITERAL_CONVERSION = YES;
				CLANG_WARN_OBJC_ROOT_CLASS = YES_ERROR;
				CLANG_WARN_RANGE_LOOP_ANALYSIS = YES;
				CLANG_WARN_STRICT_PROTOTYPES = YES;
				CLANG_WARN_SUSPICIOUS_MOVE = YES;
				CLANG_WARN_UNGUARDED_AVAILABILITY = YES_AGGRESSIVE;
				CLANG_WARN_UNREACHABLE_CODE = YES;
				CLANG_WARN__DUPLICATE_METHOD_MATCH = YES;
				CODE_SIGN_IDENTITY = "iPhone Developer";
				COPY_PHASE_STRIP = NO;
				DEBUG_INFORMATION_FORMAT = "dwarf-with-dsym";
				ENABLE_NS_ASSERTIONS = NO;
				ENABLE_STRICT_OBJC_MSGSEND = YES;
				GCC_C_LANGUAGE_STANDARD = gnu11;
				GCC_NO_COMMON_BLOCKS = YES;
				GCC_WARN_64_TO_32_BIT_CONVERSION = YES;
				GCC_WARN_ABOUT_RETURN_TYPE = YES_ERROR;
				GCC_WARN_UNDECLARED_SELECTOR = YES;
				GCC_WARN_UNINITIALIZED_AUTOS = YES_AGGRESSIVE;
				GCC_WARN_UNUSED_FUNCTION = YES;
				GCC_WARN_UNUSED_VARIABLE = YES;
				IPHONEOS_DEPLOYMENT_TARGET = 11.1;
				MTL_ENABLE_DEBUG_INFO = NO;
				SDKROOT = iphoneos;
				SWIFT_OPTIMIZATION_LEVEL = "-Owholemodule";
				VALIDATE_PRODUCT = YES;
			};
			name = Release;
		};
		62FEE5371FBE3495005F6349 /* Debug */ = {
			isa = XCBuildConfiguration;
			buildSettings = {
				ASSETCATALOG_COMPILER_APPICON_NAME = AppIcon;
				CODE_SIGN_STYLE = Automatic;
				INFOPLIST_FILE = "Emoji Dicionary/Info.plist";
				LD_RUNPATH_SEARCH_PATHS = "$(inherited) @executable_path/Frameworks";
				PRODUCT_BUNDLE_IDENTIFIER = "brandonbezanson.Emoji-Dicionary";
				PRODUCT_NAME = "$(TARGET_NAME)";
				SWIFT_VERSION = 4.0;
				TARGETED_DEVICE_FAMILY = "1,2";
			};
			name = Debug;
		};
		62FEE5381FBE3495005F6349 /* Release */ = {
			isa = XCBuildConfiguration;
			buildSettings = {
				ASSETCATALOG_COMPILER_APPICON_NAME = AppIcon;
				CODE_SIGN_STYLE = Automatic;
				INFOPLIST_FILE = "Emoji Dicionary/Info.plist";
				LD_RUNPATH_SEARCH_PATHS = "$(inherited) @executable_path/Frameworks";
				PRODUCT_BUNDLE_IDENTIFIER = "brandonbezanson.Emoji-Dicionary";
				PRODUCT_NAME = "$(TARGET_NAME)";
				SWIFT_VERSION = 4.0;
				TARGETED_DEVICE_FAMILY = "1,2";
			};
			name = Release;
		};
/* End XCBuildConfiguration section */

/* Begin XCConfigurationList section */
		62FEE51F1FBE3494005F6349 /* Build configuration list for PBXProject "Emoji Dicionary" */ = {
			isa = XCConfigurationList;
			buildConfigurations = (
				62FEE5341FBE3495005F6349 /* Debug */,
				62FEE5351FBE3495005F6349 /* Release */,
			);
			defaultConfigurationIsVisible = 0;
			defaultConfigurationName = Release;
		};
		62FEE5361FBE3495005F6349 /* Build configuration list for PBXNativeTarget "Emoji Dicionary" */ = {
			isa = XCConfigurationList;
			buildConfigurations = (
				62FEE5371FBE3495005F6349 /* Debug */,
				62FEE5381FBE3495005F6349 /* Release */,
			);
			defaultConfigurationIsVisible = 0;
			defaultConfigurationName = Release;
		};
/* End XCConfigurationList section */
	};
	rootObject = 62FEE51C1FBE3494005F6349 /* Project object */;
}
